
Microsoft Visual Studio Solution File, Format Version 12.00
# Visual Studio Version 16
VisualStudioVersion = 16.0.29001.49
MinimumVisualStudioVersion = 10.0.40219.1
Project("{FAE04EC0-301F-11D3-BF4B-00C04F79EFBC}") = "PizzaBox.Client", "PizzaBox.Client.csproj", "{BA6D6190-3B0F-4B5E-BA86-7CB49359B5D5}"
EndProject
Project("{FAE04EC0-301F-11D3-BF4B-00C04F79EFBC}") = "PizzaBox.Data", "..\PizzaBox.Data\PizzaBox.Data.csproj", "{4914FF76-9AFA-4D1E-BA01-AF8B233BC092}"
EndProject
Project("{FAE04EC0-301F-11D3-BF4B-00C04F79EFBC}") = "PizzaBox.Domain", "..\PizzaBox.Domain\PizzaBox.Domain.csproj", "{4D2638B6-F8DA-4531-B516-7A11524AF2A3}"
EndProject
Project("{FAE04EC0-301F-11D3-BF4B-00C04F79EFBC}") = "PizzaBox.Shell", "..\PizzaBox.Shell\PizzaBox.Shell.csproj", "{C4803FE6-3E31-4801-A7BF-1C98CB3CFE1E}"
EndProject
Project("{FAE04EC0-301F-11D3-BF4B-00C04F79EFBC}") = "PizzaBox.Testing", "..\PizzaBox.Testing\PizzaBox.Testing.csproj", "{05071CE6-210D-41C7-9EAA-AC92D1DEC888}"
EndProject
Global
	GlobalSection(SolutionConfigurationPlatforms) = preSolution
		Debug|Any CPU = Debug|Any CPU
		Release|Any CPU = Release|Any CPU
	EndGlobalSection
	GlobalSection(ProjectConfigurationPlatforms) = postSolution
		{BA6D6190-3B0F-4B5E-BA86-7CB49359B5D5}.Debug|Any CPU.ActiveCfg = Debug|Any CPU
		{BA6D6190-3B0F-4B5E-BA86-7CB49359B5D5}.Debug|Any CPU.Build.0 = Debug|Any CPU
		{BA6D6190-3B0F-4B5E-BA86-7CB49359B5D5}.Release|Any CPU.ActiveCfg = Release|Any CPU
		{BA6D6190-3B0F-4B5E-BA86-7CB49359B5D5}.Release|Any CPU.Build.0 = Release|Any CPU
		{4914FF76-9AFA-4D1E-BA01-AF8B233BC092}.Debug|Any CPU.ActiveCfg = Debug|Any CPU
		{4914FF76-9AFA-4D1E-BA01-AF8B233BC092}.Debug|Any CPU.Build.0 = Debug|Any CPU
		{4914FF76-9AFA-4D1E-BA01-AF8B233BC092}.Release|Any CPU.ActiveCfg = Release|Any CPU
		{4914FF76-9AFA-4D1E-BA01-AF8B233BC092}.Release|Any CPU.Build.0 = Release|Any CPU
		{4D2638B6-F8DA-4531-B516-7A11524AF2A3}.Debug|Any CPU.ActiveCfg = Debug|Any CPU
		{4D2638B6-F8DA-4531-B516-7A11524AF2A3}.Debug|Any CPU.Build.0 = Debug|Any CPU
		{4D2638B6-F8DA-4531-B516-7A11524AF2A3}.Release|Any CPU.ActiveCfg = Release|Any CPU
		{4D2638B6-F8DA-4531-B516-7A11524AF2A3}.Release|Any CPU.Build.0 = Release|Any CPU
		{C4803FE6-3E31-4801-A7BF-1C98CB3CFE1E}.Debug|Any CPU.ActiveCfg = Debug|Any CPU
		{C4803FE6-3E31-4801-A7BF-1C98CB3CFE1E}.Debug|Any CPU.Build.0 = Debug|Any CPU
		{C4803FE6-3E31-4801-A7BF-1C98CB3CFE1E}.Release|Any CPU.ActiveCfg = Release|Any CPU
		{C4803FE6-3E31-4801-A7BF-1C98CB3CFE1E}.Release|Any CPU.Build.0 = Release|Any CPU
		{05071CE6-210D-41C7-9EAA-AC92D1DEC888}.Debug|Any CPU.ActiveCfg = Debug|Any CPU
		{05071CE6-210D-41C7-9EAA-AC92D1DEC888}.Debug|Any CPU.Build.0 = Debug|Any CPU
		{05071CE6-210D-41C7-9EAA-AC92D1DEC888}.Release|Any CPU.ActiveCfg = Release|Any CPU
		{05071CE6-210D-41C7-9EAA-AC92D1DEC888}.Release|Any CPU.Build.0 = Release|Any CPU
	EndGlobalSection
	GlobalSection(SolutionProperties) = preSolution
		HideSolutionNode = FALSE
	EndGlobalSection
	GlobalSection(ExtensibilityGlobals) = postSolution
		SolutionGuid = {2E00073C-0E68-463D-BE62-66BA83EE804E}
	EndGlobalSection
EndGlobal
