
Microsoft Visual Studio Solution File, Format Version 12.00
# Visual Studio Version 16
VisualStudioVersion = 16.0.29001.49
MinimumVisualStudioVersion = 10.0.40219.1
Project("{9A19103F-16F7-4668-BE54-9A1E7A4F7556}") = "PizzaBox.Shell", "PizzaBox.Shell.csproj", "{3434D0CD-36C4-48AD-9F21-61AF175319F5}"
EndProject
Project("{9A19103F-16F7-4668-BE54-9A1E7A4F7556}") = "PizzaBox.Data", "..\PizzaBox.Data\PizzaBox.Data.csproj", "{5D503B79-D3A2-4371-9EC8-AAD13640F57F}"
EndProject
Project("{9A19103F-16F7-4668-BE54-9A1E7A4F7556}") = "PizzaBox.Domain", "..\PizzaBox.Domain\PizzaBox.Domain.csproj", "{0FBA342B-A5A4-48D6-9F4D-024598D8C670}"
EndProject
Project("{9A19103F-16F7-4668-BE54-9A1E7A4F7556}") = "PizzaBox.Testing", "..\PizzaBox.Testing\PizzaBox.Testing.csproj", "{D713FCF3-3932-41A8-B069-9805E8BEE1D6}"
EndProject
Project("{FAE04EC0-301F-11D3-BF4B-00C04F79EFBC}") = "PizzaBox.Client", "..\PizzaBox.Client\PizzaBox.Client.csproj", "{BB44E3FD-0908-496D-9487-2D7E7026B57C}"
EndProject
Global
	GlobalSection(SolutionConfigurationPlatforms) = preSolution
		Debug|Any CPU = Debug|Any CPU
		Release|Any CPU = Release|Any CPU
	EndGlobalSection
	GlobalSection(ProjectConfigurationPlatforms) = postSolution
		{3434D0CD-36C4-48AD-9F21-61AF175319F5}.Debug|Any CPU.ActiveCfg = Debug|Any CPU
		{3434D0CD-36C4-48AD-9F21-61AF175319F5}.Debug|Any CPU.Build.0 = Debug|Any CPU
		{3434D0CD-36C4-48AD-9F21-61AF175319F5}.Release|Any CPU.ActiveCfg = Release|Any CPU
		{3434D0CD-36C4-48AD-9F21-61AF175319F5}.Release|Any CPU.Build.0 = Release|Any CPU
		{5D503B79-D3A2-4371-9EC8-AAD13640F57F}.Debug|Any CPU.ActiveCfg = Debug|Any CPU
		{5D503B79-D3A2-4371-9EC8-AAD13640F57F}.Debug|Any CPU.Build.0 = Debug|Any CPU
		{5D503B79-D3A2-4371-9EC8-AAD13640F57F}.Release|Any CPU.ActiveCfg = Release|Any CPU
		{5D503B79-D3A2-4371-9EC8-AAD13640F57F}.Release|Any CPU.Build.0 = Release|Any CPU
		{0FBA342B-A5A4-48D6-9F4D-024598D8C670}.Debug|Any CPU.ActiveCfg = Debug|Any CPU
		{0FBA342B-A5A4-48D6-9F4D-024598D8C670}.Debug|Any CPU.Build.0 = Debug|Any CPU
		{0FBA342B-A5A4-48D6-9F4D-024598D8C670}.Release|Any CPU.ActiveCfg = Release|Any CPU
		{0FBA342B-A5A4-48D6-9F4D-024598D8C670}.Release|Any CPU.Build.0 = Release|Any CPU
		{D713FCF3-3932-41A8-B069-9805E8BEE1D6}.Debug|Any CPU.ActiveCfg = Debug|Any CPU
		{D713FCF3-3932-41A8-B069-9805E8BEE1D6}.Debug|Any CPU.Build.0 = Debug|Any CPU
		{D713FCF3-3932-41A8-B069-9805E8BEE1D6}.Release|Any CPU.ActiveCfg = Release|Any CPU
		{D713FCF3-3932-41A8-B069-9805E8BEE1D6}.Release|Any CPU.Build.0 = Release|Any CPU
		{BB44E3FD-0908-496D-9487-2D7E7026B57C}.Debug|Any CPU.ActiveCfg = Debug|Any CPU
		{BB44E3FD-0908-496D-9487-2D7E7026B57C}.Debug|Any CPU.Build.0 = Debug|Any CPU
		{BB44E3FD-0908-496D-9487-2D7E7026B57C}.Release|Any CPU.ActiveCfg = Release|Any CPU
		{BB44E3FD-0908-496D-9487-2D7E7026B57C}.Release|Any CPU.Build.0 = Release|Any CPU
	EndGlobalSection
	GlobalSection(SolutionProperties) = preSolution
		HideSolutionNode = FALSE
	EndGlobalSection
	GlobalSection(ExtensibilityGlobals) = postSolution
		SolutionGuid = {DE467E0B-88D1-44DA-929F-BD3D32E59667}
	EndGlobalSection
EndGlobal
